
Microsoft Visual Studio Solution File, Format Version 12.00
# Visual Studio Version 17
VisualStudioVersion = 17.3.32811.315
MinimumVisualStudioVersion = 10.0.40219.1
Project("{9A19103F-16F7-4668-BE54-9A1E7A4F7556}") = "Particular.ThroughputTool", "Particular.ThroughputTool\Particular.ThroughputTool.csproj", "{03644CF9-B992-4804-A605-0745E96DE446}"
EndProject
Project("{9A19103F-16F7-4668-BE54-9A1E7A4F7556}") = "Particular.ThroughputTool.Data", "Particular.ThroughputTool.Data\Particular.ThroughputTool.Data.csproj", "{52E89114-FC78-4DBE-93E7-819174B5BC9A}"
EndProject
Global
	GlobalSection(SolutionConfigurationPlatforms) = preSolution
		Debug|Any CPU = Debug|Any CPU
		Release|Any CPU = Release|Any CPU
	EndGlobalSection
	GlobalSection(ProjectConfigurationPlatforms) = postSolution
		{03644CF9-B992-4804-A605-0745E96DE446}.Debug|Any CPU.ActiveCfg = Debug|Any CPU
		{03644CF9-B992-4804-A605-0745E96DE446}.Debug|Any CPU.Build.0 = Debug|Any CPU
		{03644CF9-B992-4804-A605-0745E96DE446}.Release|Any CPU.ActiveCfg = Release|Any CPU
		{03644CF9-B992-4804-A605-0745E96DE446}.Release|Any CPU.Build.0 = Release|Any CPU
		{52E89114-FC78-4DBE-93E7-819174B5BC9A}.Debug|Any CPU.ActiveCfg = Debug|Any CPU
		{52E89114-FC78-4DBE-93E7-819174B5BC9A}.Debug|Any CPU.Build.0 = Debug|Any CPU
		{52E89114-FC78-4DBE-93E7-819174B5BC9A}.Release|Any CPU.ActiveCfg = Release|Any CPU
		{52E89114-FC78-4DBE-93E7-819174B5BC9A}.Release|Any CPU.Build.0 = Release|Any CPU
	EndGlobalSection
	GlobalSection(SolutionProperties) = preSolution
		HideSolutionNode = FALSE
	EndGlobalSection
	GlobalSection(ExtensibilityGlobals) = postSolution
		SolutionGuid = {EF75220E-82A6-4DFA-8620-7873869600B3}
	EndGlobalSection
EndGlobal
