
Microsoft Visual Studio Solution File, Format Version 12.00
# Visual Studio Version 17
VisualStudioVersion = 17.3.32811.315
MinimumVisualStudioVersion = 10.0.40219.1
Project("{9A19103F-16F7-4668-BE54-9A1E7A4F7556}") = "Tool", "Tool\Particular.EndpointThroughputCounter.csproj", "{03644CF9-B992-4804-A605-0745E96DE446}"
EndProject
Project("{9A19103F-16F7-4668-BE54-9A1E7A4F7556}") = "Data", "Data\Particular.EndpointThroughputCounter.Data.csproj", "{52E89114-FC78-4DBE-93E7-819174B5BC9A}"
EndProject
Project("{FAE04EC0-301F-11D3-BF4B-00C04F79EFBC}") = "Tests", "Tests\Tests.csproj", "{2A220109-DF5D-4EC6-A44A-88DA77E2CB18}"
EndProject
Project("{FAE04EC0-301F-11D3-BF4B-00C04F79EFBC}") = "Exe", "Exe\Particular.EndpointThroughputCounter.Exe.csproj", "{2E82CB5F-2C4D-4CD3-9F2E-B5AD854E7708}"
EndProject
Global
	GlobalSection(SolutionConfigurationPlatforms) = preSolution
		Debug|Any CPU = Debug|Any CPU
		Release|Any CPU = Release|Any CPU
	EndGlobalSection
	GlobalSection(ProjectConfigurationPlatforms) = postSolution
		{03644CF9-B992-4804-A605-0745E96DE446}.Debug|Any CPU.ActiveCfg = Debug|Any CPU
		{03644CF9-B992-4804-A605-0745E96DE446}.Debug|Any CPU.Build.0 = Debug|Any CPU
		{03644CF9-B992-4804-A605-0745E96DE446}.Release|Any CPU.ActiveCfg = Release|Any CPU
		{03644CF9-B992-4804-A605-0745E96DE446}.Release|Any CPU.Build.0 = Release|Any CPU
		{52E89114-FC78-4DBE-93E7-819174B5BC9A}.Debug|Any CPU.ActiveCfg = Debug|Any CPU
		{52E89114-FC78-4DBE-93E7-819174B5BC9A}.Debug|Any CPU.Build.0 = Debug|Any CPU
		{52E89114-FC78-4DBE-93E7-819174B5BC9A}.Release|Any CPU.ActiveCfg = Release|Any CPU
		{52E89114-FC78-4DBE-93E7-819174B5BC9A}.Release|Any CPU.Build.0 = Release|Any CPU
		{2A220109-DF5D-4EC6-A44A-88DA77E2CB18}.Debug|Any CPU.ActiveCfg = Debug|Any CPU
		{2A220109-DF5D-4EC6-A44A-88DA77E2CB18}.Debug|Any CPU.Build.0 = Debug|Any CPU
		{2A220109-DF5D-4EC6-A44A-88DA77E2CB18}.Release|Any CPU.ActiveCfg = Release|Any CPU
		{2A220109-DF5D-4EC6-A44A-88DA77E2CB18}.Release|Any CPU.Build.0 = Release|Any CPU
		{2E82CB5F-2C4D-4CD3-9F2E-B5AD854E7708}.Debug|Any CPU.ActiveCfg = Debug|Any CPU
		{2E82CB5F-2C4D-4CD3-9F2E-B5AD854E7708}.Debug|Any CPU.Build.0 = Debug|Any CPU
		{2E82CB5F-2C4D-4CD3-9F2E-B5AD854E7708}.Release|Any CPU.ActiveCfg = Release|Any CPU
		{2E82CB5F-2C4D-4CD3-9F2E-B5AD854E7708}.Release|Any CPU.Build.0 = Release|Any CPU
	EndGlobalSection
	GlobalSection(SolutionProperties) = preSolution
		HideSolutionNode = FALSE
	EndGlobalSection
	GlobalSection(ExtensibilityGlobals) = postSolution
		SolutionGuid = {EF75220E-82A6-4DFA-8620-7873869600B3}
	EndGlobalSection
EndGlobal
